
Microsoft Visual Studio Solution File, Format Version 12.00
# Visual Studio Version 17
VisualStudioVersion = 17.14.36127.28 d17.14
MinimumVisualStudioVersion = 10.0.40219.1
Project("{FAE04EC0-301F-11D3-BF4B-00C04F79EFBC}") = "OpenGL Black Hole", "OpenGL Black Hole\OpenGL Black Hole.csproj", "{F90664C7-8C8C-48D7-A096-E940B658F32C}"
EndProject
Global
	GlobalSection(SolutionConfigurationPlatforms) = preSolution
		Debug|Any CPU = Debug|Any CPU
		Release|Any CPU = Release|Any CPU
	EndGlobalSection
	GlobalSection(ProjectConfigurationPlatforms) = postSolution
		{F90664C7-8C8C-48D7-A096-E940B658F32C}.Debug|Any CPU.ActiveCfg = Debug|Any CPU
		{F90664C7-8C8C-48D7-A096-E940B658F32C}.Debug|Any CPU.Build.0 = Debug|Any CPU
		{F90664C7-8C8C-48D7-A096-E940B658F32C}.Release|Any CPU.ActiveCfg = Release|Any CPU
		{F90664C7-8C8C-48D7-A096-E940B658F32C}.Release|Any CPU.Build.0 = Release|Any CPU
	EndGlobalSection
	GlobalSection(SolutionProperties) = preSolution
		HideSolutionNode = FALSE
	EndGlobalSection
	GlobalSection(ExtensibilityGlobals) = postSolution
		SolutionGuid = {75084B25-574D-40D5-A261-0C2DE7D60BE0}
	EndGlobalSection
EndGlobal
